
Microsoft Visual Studio Solution File, Format Version 12.00
# Visual Studio Version 17
VisualStudioVersion = 17.14.36408.4 d17.14
MinimumVisualStudioVersion = 10.0.40219.1
Project("{FAE04EC0-301F-11D3-BF4B-00C04F79EFBC}") = "Loja", "Loja\Loja.csproj", "{D3793596-77C6-4C02-BF66-6E5D1006035C}"
EndProject
Global
	GlobalSection(SolutionConfigurationPlatforms) = preSolution
		Debug|Any CPU = Debug|Any CPU
		Release|Any CPU = Release|Any CPU
	EndGlobalSection
	GlobalSection(ProjectConfigurationPlatforms) = postSolution
		{D3793596-77C6-4C02-BF66-6E5D1006035C}.Debug|Any CPU.ActiveCfg = Debug|Any CPU
		{D3793596-77C6-4C02-BF66-6E5D1006035C}.Debug|Any CPU.Build.0 = Debug|Any CPU
		{D3793596-77C6-4C02-BF66-6E5D1006035C}.Release|Any CPU.ActiveCfg = Release|Any CPU
		{D3793596-77C6-4C02-BF66-6E5D1006035C}.Release|Any CPU.Build.0 = Release|Any CPU
	EndGlobalSection
	GlobalSection(SolutionProperties) = preSolution
		HideSolutionNode = FALSE
	EndGlobalSection
	GlobalSection(ExtensibilityGlobals) = postSolution
		SolutionGuid = {311803DB-2137-4E7A-8461-9B7E41EB983D}
	EndGlobalSection
EndGlobal
